
Microsoft Visual Studio Solution File, Format Version 12.00
# Visual Studio Version 17
VisualStudioVersion = 17.7.34031.279
MinimumVisualStudioVersion = 10.0.40219.1
Project("{FAE04EC0-301F-11D3-BF4B-00C04F79EFBC}") = "Kursach_PIS", "Kursach_PIS\Kursach_PIS.csproj", "{83ED678E-81D1-4852-9EDC-39365FDD7C4D}"
EndProject
Global
	GlobalSection(SolutionConfigurationPlatforms) = preSolution
		Debug|Any CPU = Debug|Any CPU
		Release|Any CPU = Release|Any CPU
	EndGlobalSection
	GlobalSection(ProjectConfigurationPlatforms) = postSolution
		{83ED678E-81D1-4852-9EDC-39365FDD7C4D}.Debug|Any CPU.ActiveCfg = Debug|Any CPU
		{83ED678E-81D1-4852-9EDC-39365FDD7C4D}.Debug|Any CPU.Build.0 = Debug|Any CPU
		{83ED678E-81D1-4852-9EDC-39365FDD7C4D}.Release|Any CPU.ActiveCfg = Release|Any CPU
		{83ED678E-81D1-4852-9EDC-39365FDD7C4D}.Release|Any CPU.Build.0 = Release|Any CPU
	EndGlobalSection
	GlobalSection(SolutionProperties) = preSolution
		HideSolutionNode = FALSE
	EndGlobalSection
	GlobalSection(ExtensibilityGlobals) = postSolution
		SolutionGuid = {D462350C-A7A3-4804-8F22-C85AD964E99C}
	EndGlobalSection
EndGlobal
